
Microsoft Visual Studio Solution File, Format Version 12.00
# Visual Studio Version 17
VisualStudioVersion = 17.8.34525.116
MinimumVisualStudioVersion = 10.0.40219.1
Project("{FAE04EC0-301F-11D3-BF4B-00C04F79EFBC}") = "Intro", "Intro\Intro.csproj", "{491F04B2-08E5-47EE-8C7C-C18BD81B308C}"
EndProject
Global
	GlobalSection(SolutionConfigurationPlatforms) = preSolution
		Debug|Any CPU = Debug|Any CPU
		Release|Any CPU = Release|Any CPU
	EndGlobalSection
	GlobalSection(ProjectConfigurationPlatforms) = postSolution
		{491F04B2-08E5-47EE-8C7C-C18BD81B308C}.Debug|Any CPU.ActiveCfg = Debug|Any CPU
		{491F04B2-08E5-47EE-8C7C-C18BD81B308C}.Debug|Any CPU.Build.0 = Debug|Any CPU
		{491F04B2-08E5-47EE-8C7C-C18BD81B308C}.Release|Any CPU.ActiveCfg = Release|Any CPU
		{491F04B2-08E5-47EE-8C7C-C18BD81B308C}.Release|Any CPU.Build.0 = Release|Any CPU
	EndGlobalSection
	GlobalSection(SolutionProperties) = preSolution
		HideSolutionNode = FALSE
	EndGlobalSection
	GlobalSection(ExtensibilityGlobals) = postSolution
		SolutionGuid = {F90BA940-9641-4FC8-83DA-7C5FF85BEBC0}
	EndGlobalSection
EndGlobal
